
Microsoft Visual Studio Solution File, Format Version 12.00
# Visual Studio 15
VisualStudioVersion = 15.0.27428.2043
MinimumVisualStudioVersion = 10.0.40219.1
Project("{FAE04EC0-301F-11D3-BF4B-00C04F79EFBC}") = "Usps.Api.Client", "Usps.Api.Client\Usps.Api.Client.csproj", "{FA927D6A-E7E5-4449-9DF9-54D54C1CE9BB}"
EndProject
Project("{FAE04EC0-301F-11D3-BF4B-00C04F79EFBC}") = "Usps.Api.Client.Test", "..\Usps.Api.Client.Test\Usps.Api.Client.Test.csproj", "{6129A642-4400-479A-857A-ECBC51A4EB91}"
EndProject
Global
	GlobalSection(SolutionConfigurationPlatforms) = preSolution
		Debug|Any CPU = Debug|Any CPU
		Release|Any CPU = Release|Any CPU
	EndGlobalSection
	GlobalSection(ProjectConfigurationPlatforms) = postSolution
		{FA927D6A-E7E5-4449-9DF9-54D54C1CE9BB}.Debug|Any CPU.ActiveCfg = Debug|Any CPU
		{FA927D6A-E7E5-4449-9DF9-54D54C1CE9BB}.Debug|Any CPU.Build.0 = Debug|Any CPU
		{FA927D6A-E7E5-4449-9DF9-54D54C1CE9BB}.Release|Any CPU.ActiveCfg = Release|Any CPU
		{FA927D6A-E7E5-4449-9DF9-54D54C1CE9BB}.Release|Any CPU.Build.0 = Release|Any CPU
		{6129A642-4400-479A-857A-ECBC51A4EB91}.Debug|Any CPU.ActiveCfg = Debug|Any CPU
		{6129A642-4400-479A-857A-ECBC51A4EB91}.Debug|Any CPU.Build.0 = Debug|Any CPU
		{6129A642-4400-479A-857A-ECBC51A4EB91}.Release|Any CPU.ActiveCfg = Release|Any CPU
		{6129A642-4400-479A-857A-ECBC51A4EB91}.Release|Any CPU.Build.0 = Release|Any CPU
	EndGlobalSection
	GlobalSection(SolutionProperties) = preSolution
		HideSolutionNode = FALSE
	EndGlobalSection
	GlobalSection(ExtensibilityGlobals) = postSolution
		SolutionGuid = {47F69849-A40E-4C8B-AEF7-59828CC9948B}
	EndGlobalSection
EndGlobal
